// !$*UTF8*$!
{
	archiveVersion = 1;
	classes = {
	};
	objectVersion = 56;
	objects = {

/* Begin PBXBuildFile section */
		69CB88622A19C5C100560E01 /* AppDelegate.swift in Sources */ = {isa = PBXBuildFile; fileRef = 69CB88612A19C5C100560E01 /* AppDelegate.swift */; };
		69CB88642A19C5C100560E01 /* SceneDelegate.swift in Sources */ = {isa = PBXBuildFile; fileRef = 69CB88632A19C5C100560E01 /* SceneDelegate.swift */; };
		69CB88662A19C5C100560E01 /* ViewController.swift in Sources */ = {isa = PBXBuildFile; fileRef = 69CB88652A19C5C100560E01 /* ViewController.swift */; };
		69CB88692A19C5C100560E01 /* Main.storyboard in Resources */ = {isa = PBXBuildFile; fileRef = 69CB88672A19C5C100560E01 /* Main.storyboard */; };
		69CB886B2A19C5C100560E01 /* Assets.xcassets in Resources */ = {isa = PBXBuildFile; fileRef = 69CB886A2A19C5C100560E01 /* Assets.xcassets */; };
		69CB886E2A19C5C100560E01 /* LaunchScreen.storyboard in Resources */ = {isa = PBXBuildFile; fileRef = 69CB886C2A19C5C100560E01 /* LaunchScreen.storyboard */; };
		69CB88792A19C5C100560E01 /* Kadai8_UIkitTests.swift in Sources */ = {isa = PBXBuildFile; fileRef = 69CB88782A19C5C100560E01 /* Kadai8_UIkitTests.swift */; };
		69CB88832A19C5C100560E01 /* Kadai8_UIkitUITests.swift in Sources */ = {isa = PBXBuildFile; fileRef = 69CB88822A19C5C100560E01 /* Kadai8_UIkitUITests.swift */; };
		69CB88852A19C5C100560E01 /* Kadai8_UIkitUITestsLaunchTests.swift in Sources */ = {isa = PBXBuildFile; fileRef = 69CB88842A19C5C100560E01 /* Kadai8_UIkitUITestsLaunchTests.swift */; };
		69CB88922A19CEDC00560E01 /* CyanViewController.swift in Sources */ = {isa = PBXBuildFile; fileRef = 69CB88912A19CEDC00560E01 /* CyanViewController.swift */; };
		69CB88942A19CEFC00560E01 /* OrangeViewController.swift in Sources */ = {isa = PBXBuildFile; fileRef = 69CB88932A19CEFC00560E01 /* OrangeViewController.swift */; };
/* End PBXBuildFile section */

/* Begin PBXContainerItemProxy section */
		69CB88752A19C5C100560E01 /* PBXContainerItemProxy */ = {
			isa = PBXContainerItemProxy;
			containerPortal = 69CB88562A19C5C100560E01 /* Project object */;
			proxyType = 1;
			remoteGlobalIDString = 69CB885D2A19C5C100560E01;
			remoteInfo = "Kadai8-UIkit";
		};
		69CB887F2A19C5C100560E01 /* PBXContainerItemProxy */ = {
			isa = PBXContainerItemProxy;
			containerPortal = 69CB88562A19C5C100560E01 /* Project object */;
			proxyType = 1;
			remoteGlobalIDString = 69CB885D2A19C5C100560E01;
			remoteInfo = "Kadai8-UIkit";
		};
/* End PBXContainerItemProxy section */

/* Begin PBXFileReference section */
		69CB885E2A19C5C100560E01 /* Kadai8-UIkit.app */ = {isa = PBXFileReference; explicitFileType = wrapper.application; includeInIndex = 0; path = "Kadai8-UIkit.app"; sourceTree = BUILT_PRODUCTS_DIR; };
		69CB88612A19C5C100560E01 /* AppDelegate.swift */ = {isa = PBXFileReference; lastKnownFileType = sourcecode.swift; path = AppDelegate.swift; sourceTree = "<group>"; };
		69CB88632A19C5C100560E01 /* SceneDelegate.swift */ = {isa = PBXFileReference; lastKnownFileType = sourcecode.swift; path = SceneDelegate.swift; sourceTree = "<group>"; };
		69CB88652A19C5C100560E01 /* ViewController.swift */ = {isa = PBXFileReference; lastKnownFileType = sourcecode.swift; path = ViewController.swift; sourceTree = "<group>"; };
		69CB88682A19C5C100560E01 /* Base */ = {isa = PBXFileReference; lastKnownFileType = file.storyboard; name = Base; path = Base.lproj/Main.storyboard; sourceTree = "<group>"; };
		69CB886A2A19C5C100560E01 /* Assets.xcassets */ = {isa = PBXFileReference; lastKnownFileType = folder.assetcatalog; path = Assets.xcassets; sourceTree = "<group>"; };
		69CB886D2A19C5C100560E01 /* Base */ = {isa = PBXFileReference; lastKnownFileType = file.storyboard; name = Base; path = Base.lproj/LaunchScreen.storyboard; sourceTree = "<group>"; };
		69CB886F2A19C5C100560E01 /* Info.plist */ = {isa = PBXFileReference; lastKnownFileType = text.plist.xml; path = Info.plist; sourceTree = "<group>"; };
		69CB88742A19C5C100560E01 /* Kadai8-UIkitTests.xctest */ = {isa = PBXFileReference; explicitFileType = wrapper.cfbundle; includeInIndex = 0; path = "Kadai8-UIkitTests.xctest"; sourceTree = BUILT_PRODUCTS_DIR; };
		69CB88782A19C5C100560E01 /* Kadai8_UIkitTests.swift */ = {isa = PBXFileReference; lastKnownFileType = sourcecode.swift; path = Kadai8_UIkitTests.swift; sourceTree = "<group>"; };
		69CB887E2A19C5C100560E01 /* Kadai8-UIkitUITests.xctest */ = {isa = PBXFileReference; explicitFileType = wrapper.cfbundle; includeInIndex = 0; path = "Kadai8-UIkitUITests.xctest"; sourceTree = BUILT_PRODUCTS_DIR; };
		69CB88822A19C5C100560E01 /* Kadai8_UIkitUITests.swift */ = {isa = PBXFileReference; lastKnownFileType = sourcecode.swift; path = Kadai8_UIkitUITests.swift; sourceTree = "<group>"; };
		69CB88842A19C5C100560E01 /* Kadai8_UIkitUITestsLaunchTests.swift */ = {isa = PBXFileReference; lastKnownFileType = sourcecode.swift; path = Kadai8_UIkitUITestsLaunchTests.swift; sourceTree = "<group>"; };
		69CB88912A19CEDC00560E01 /* CyanViewController.swift */ = {isa = PBXFileReference; lastKnownFileType = sourcecode.swift; path = CyanViewController.swift; sourceTree = "<group>"; };
		69CB88932A19CEFC00560E01 /* OrangeViewController.swift */ = {isa = PBXFileReference; lastKnownFileType = sourcecode.swift; path = OrangeViewController.swift; sourceTree = "<group>"; };
/* End PBXFileReference section */

/* Begin PBXFrameworksBuildPhase section */
		69CB885B2A19C5C100560E01 /* Frameworks */ = {
			isa = PBXFrameworksBuildPhase;
			buildActionMask = 2147483647;
			files = (
			);
			runOnlyForDeploymentPostprocessing = 0;
		};
		69CB88712A19C5C100560E01 /* Frameworks */ = {
			isa = PBXFrameworksBuildPhase;
			buildActionMask = 2147483647;
			files = (
			);
			runOnlyForDeploymentPostprocessing = 0;
		};
		69CB887B2A19C5C100560E01 /* Frameworks */ = {
			isa = PBXFrameworksBuildPhase;
			buildActionMask = 2147483647;
			files = (
			);
			runOnlyForDeploymentPostprocessing = 0;
		};
/* End PBXFrameworksBuildPhase section */

/* Begin PBXGroup section */
		69CB88552A19C5C100560E01 = {
			isa = PBXGroup;
			children = (
				69CB88602A19C5C100560E01 /* Kadai8-UIkit */,
				69CB88772A19C5C100560E01 /* Kadai8-UIkitTests */,
				69CB88812A19C5C100560E01 /* Kadai8-UIkitUITests */,
				69CB885F2A19C5C100560E01 /* Products */,
			);
			sourceTree = "<group>";
		};
		69CB885F2A19C5C100560E01 /* Products */ = {
			isa = PBXGroup;
			children = (
				69CB885E2A19C5C100560E01 /* Kadai8-UIkit.app */,
				69CB88742A19C5C100560E01 /* Kadai8-UIkitTests.xctest */,
				69CB887E2A19C5C100560E01 /* Kadai8-UIkitUITests.xctest */,
			);
			name = Products;
			sourceTree = "<group>";
		};
		69CB88602A19C5C100560E01 /* Kadai8-UIkit */ = {
			isa = PBXGroup;
			children = (
				69CB88612A19C5C100560E01 /* AppDelegate.swift */,
				69CB88632A19C5C100560E01 /* SceneDelegate.swift */,
				69CB88652A19C5C100560E01 /* ViewController.swift */,
				69CB88912A19CEDC00560E01 /* CyanViewController.swift */,
				69CB88932A19CEFC00560E01 /* OrangeViewController.swift */,
				69CB88672A19C5C100560E01 /* Main.storyboard */,
				69CB886A2A19C5C100560E01 /* Assets.xcassets */,
				69CB886C2A19C5C100560E01 /* LaunchScreen.storyboard */,
				69CB886F2A19C5C100560E01 /* Info.plist */,
			);
			path = "Kadai8-UIkit";
			sourceTree = "<group>";
		};
		69CB88772A19C5C100560E01 /* Kadai8-UIkitTests */ = {
			isa = PBXGroup;
			children = (
				69CB88782A19C5C100560E01 /* Kadai8_UIkitTests.swift */,
			);
			path = "Kadai8-UIkitTests";
			sourceTree = "<group>";
		};
		69CB88812A19C5C100560E01 /* Kadai8-UIkitUITests */ = {
			isa = PBXGroup;
			children = (
				69CB88822A19C5C100560E01 /* Kadai8_UIkitUITests.swift */,
				69CB88842A19C5C100560E01 /* Kadai8_UIkitUITestsLaunchTests.swift */,
			);
			path = "Kadai8-UIkitUITests";
			sourceTree = "<group>";
		};
/* End PBXGroup section */

/* Begin PBXNativeTarget section */
		69CB885D2A19C5C100560E01 /* Kadai8-UIkit */ = {
			isa = PBXNativeTarget;
			buildConfigurationList = 69CB88882A19C5C100560E01 /* Build configuration list for PBXNativeTarget "Kadai8-UIkit" */;
			buildPhases = (
				69CB885A2A19C5C100560E01 /* Sources */,
				69CB885B2A19C5C100560E01 /* Frameworks */,
				69CB885C2A19C5C100560E01 /* Resources */,
			);
			buildRules = (
			);
			dependencies = (
			);
			name = "Kadai8-UIkit";
			productName = "Kadai8-UIkit";
			productReference = 69CB885E2A19C5C100560E01 /* Kadai8-UIkit.app */;
			productType = "com.apple.product-type.application";
		};
		69CB88732A19C5C100560E01 /* Kadai8-UIkitTests */ = {
			isa = PBXNativeTarget;
			buildConfigurationList = 69CB888B2A19C5C100560E01 /* Build configuration list for PBXNativeTarget "Kadai8-UIkitTests" */;
			buildPhases = (
				69CB88702A19C5C100560E01 /* Sources */,
				69CB88712A19C5C100560E01 /* Frameworks */,
				69CB88722A19C5C100560E01 /* Resources */,
			);
			buildRules = (
			);
			dependencies = (
				69CB88762A19C5C100560E01 /* PBXTargetDependency */,
			);
			name = "Kadai8-UIkitTests";
			productName = "Kadai8-UIkitTests";
			productReference = 69CB88742A19C5C100560E01 /* Kadai8-UIkitTests.xctest */;
			productType = "com.apple.product-type.bundle.unit-test";
		};
		69CB887D2A19C5C100560E01 /* Kadai8-UIkitUITests */ = {
			isa = PBXNativeTarget;
			buildConfigurationList = 69CB888E2A19C5C100560E01 /* Build configuration list for PBXNativeTarget "Kadai8-UIkitUITests" */;
			buildPhases = (
				69CB887A2A19C5C100560E01 /* Sources */,
				69CB887B2A19C5C100560E01 /* Frameworks */,
				69CB887C2A19C5C100560E01 /* Resources */,
			);
			buildRules = (
			);
			dependencies = (
				69CB88802A19C5C100560E01 /* PBXTargetDependency */,
			);
			name = "Kadai8-UIkitUITests";
			productName = "Kadai8-UIkitUITests";
			productReference = 69CB887E2A19C5C100560E01 /* Kadai8-UIkitUITests.xctest */;
			productType = "com.apple.product-type.bundle.ui-testing";
		};
/* End PBXNativeTarget section */

/* Begin PBXProject section */
		69CB88562A19C5C100560E01 /* Project object */ = {
			isa = PBXProject;
			attributes = {
				BuildIndependentTargetsInParallel = 1;
				LastSwiftUpdateCheck = 1430;
				LastUpgradeCheck = 1430;
				TargetAttributes = {
					69CB885D2A19C5C100560E01 = {
						CreatedOnToolsVersion = 14.3;
					};
					69CB88732A19C5C100560E01 = {
						CreatedOnToolsVersion = 14.3;
						TestTargetID = 69CB885D2A19C5C100560E01;
					};
					69CB887D2A19C5C100560E01 = {
						CreatedOnToolsVersion = 14.3;
						TestTargetID = 69CB885D2A19C5C100560E01;
					};
				};
			};
			buildConfigurationList = 69CB88592A19C5C100560E01 /* Build configuration list for PBXProject "Kadai8-UIkit" */;
			compatibilityVersion = "Xcode 14.0";
			developmentRegion = en;
			hasScannedForEncodings = 0;
			knownRegions = (
				en,
				Base,
			);
			mainGroup = 69CB88552A19C5C100560E01;
			productRefGroup = 69CB885F2A19C5C100560E01 /* Products */;
			projectDirPath = "";
			projectRoot = "";
			targets = (
				69CB885D2A19C5C100560E01 /* Kadai8-UIkit */,
				69CB88732A19C5C100560E01 /* Kadai8-UIkitTests */,
				69CB887D2A19C5C100560E01 /* Kadai8-UIkitUITests */,
			);
		};
/* End PBXProject section */

/* Begin PBXResourcesBuildPhase section */
		69CB885C2A19C5C100560E01 /* Resources */ = {
			isa = PBXResourcesBuildPhase;
			buildActionMask = 2147483647;
			files = (
				69CB886E2A19C5C100560E01 /* LaunchScreen.storyboard in Resources */,
				69CB886B2A19C5C100560E01 /* Assets.xcassets in Resources */,
				69CB88692A19C5C100560E01 /* Main.storyboard in Resources */,
			);
			runOnlyForDeploymentPostprocessing = 0;
		};
		69CB88722A19C5C100560E01 /* Resources */ = {
			isa = PBXResourcesBuildPhase;
			buildActionMask = 2147483647;
			files = (
			);
			runOnlyForDeploymentPostprocessing = 0;
		};
		69CB887C2A19C5C100560E01 /* Resources */ = {
			isa = PBXResourcesBuildPhase;
			buildActionMask = 2147483647;
			files = (
			);
			runOnlyForDeploymentPostprocessing = 0;
		};
/* End PBXResourcesBuildPhase section */

/* Begin PBXSourcesBuildPhase section */
		69CB885A2A19C5C100560E01 /* Sources */ = {
			isa = PBXSourcesBuildPhase;
			buildActionMask = 2147483647;
			files = (
				69CB88662A19C5C100560E01 /* ViewController.swift in Sources */,
				69CB88942A19CEFC00560E01 /* OrangeViewController.swift in Sources */,
				69CB88922A19CEDC00560E01 /* CyanViewController.swift in Sources */,
				69CB88622A19C5C100560E01 /* AppDelegate.swift in Sources */,
				69CB88642A19C5C100560E01 /* SceneDelegate.swift in Sources */,
			);
			runOnlyForDeploymentPostprocessing = 0;
		};
		69CB88702A19C5C100560E01 /* Sources */ = {
			isa = PBXSourcesBuildPhase;
			buildActionMask = 2147483647;
			files = (
				69CB88792A19C5C100560E01 /* Kadai8_UIkitTests.swift in Sources */,
			);
			runOnlyForDeploymentPostprocessing = 0;
		};
		69CB887A2A19C5C100560E01 /* Sources */ = {
			isa = PBXSourcesBuildPhase;
			buildActionMask = 2147483647;
			files = (
				69CB88832A19C5C100560E01 /* Kadai8_UIkitUITests.swift in Sources */,
				69CB88852A19C5C100560E01 /* Kadai8_UIkitUITestsLaunchTests.swift in Sources */,
			);
			runOnlyForDeploymentPostprocessing = 0;
		};
/* End PBXSourcesBuildPhase section */

/* Begin PBXTargetDependency section */
		69CB88762A19C5C100560E01 /* PBXTargetDependency */ = {
			isa = PBXTargetDependency;
			target = 69CB885D2A19C5C100560E01 /* Kadai8-UIkit */;
			targetProxy = 69CB88752A19C5C100560E01 /* PBXContainerItemProxy */;
		};
		69CB88802A19C5C100560E01 /* PBXTargetDependency */ = {
			isa = PBXTargetDependency;
			target = 69CB885D2A19C5C100560E01 /* Kadai8-UIkit */;
			targetProxy = 69CB887F2A19C5C100560E01 /* PBXContainerItemProxy */;
		};
/* End PBXTargetDependency section */

/* Begin PBXVariantGroup section */
		69CB88672A19C5C100560E01 /* Main.storyboard */ = {
			isa = PBXVariantGroup;
			children = (
				69CB88682A19C5C100560E01 /* Base */,
			);
			name = Main.storyboard;
			sourceTree = "<group>";
		};
		69CB886C2A19C5C100560E01 /* LaunchScreen.storyboard */ = {
			isa = PBXVariantGroup;
			children = (
				69CB886D2A19C5C100560E01 /* Base */,
			);
			name = LaunchScreen.storyboard;
			sourceTree = "<group>";
		};
/* End PBXVariantGroup section */

/* Begin XCBuildConfiguration section */
		69CB88862A19C5C100560E01 /* Debug */ = {
			isa = XCBuildConfiguration;
			buildSettings = {
				ALWAYS_SEARCH_USER_PATHS = NO;
				CLANG_ANALYZER_NONNULL = YES;
				CLANG_ANALYZER_NUMBER_OBJECT_CONVERSION = YES_AGGRESSIVE;
				CLANG_CXX_LANGUAGE_STANDARD = "gnu++20";
				CLANG_ENABLE_MODULES = YES;
				CLANG_ENABLE_OBJC_ARC = YES;
				CLANG_ENABLE_OBJC_WEAK = YES;
				CLANG_WARN_BLOCK_CAPTURE_AUTORELEASING = YES;
				CLANG_WARN_BOOL_CONVERSION = YES;
				CLANG_WARN_COMMA = YES;
				CLANG_WARN_CONSTANT_CONVERSION = YES;
				CLANG_WARN_DEPRECATED_OBJC_IMPLEMENTATIONS = YES;
				CLANG_WARN_DIRECT_OBJC_ISA_USAGE = YES_ERROR;
				CLANG_WARN_DOCUMENTATION_COMMENTS = YES;
				CLANG_WARN_EMPTY_BODY = YES;
				CLANG_WARN_ENUM_CONVERSION = YES;
				CLANG_WARN_INFINITE_RECURSION = YES;
				CLANG_WARN_INT_CONVERSION = YES;
				CLANG_WARN_NON_LITERAL_NULL_CONVERSION = YES;
				CLANG_WARN_OBJC_IMPLICIT_RETAIN_SELF = YES;
				CLANG_WARN_OBJC_LITERAL_CONVERSION = YES;
				CLANG_WARN_OBJC_ROOT_CLASS = YES_ERROR;
				CLANG_WARN_QUOTED_INCLUDE_IN_FRAMEWORK_HEADER = YES;
				CLANG_WARN_RANGE_LOOP_ANALYSIS = YES;
				CLANG_WARN_STRICT_PROTOTYPES = YES;
				CLANG_WARN_SUSPICIOUS_MOVE = YES;
				CLANG_WARN_UNGUARDED_AVAILABILITY = YES_AGGRESSIVE;
				CLANG_WARN_UNREACHABLE_CODE = YES;
				CLANG_WARN__DUPLICATE_METHOD_MATCH = YES;
				COPY_PHASE_STRIP = NO;
				DEBUG_INFORMATION_FORMAT = dwarf;
				ENABLE_STRICT_OBJC_MSGSEND = YES;
				ENABLE_TESTABILITY = YES;
				GCC_C_LANGUAGE_STANDARD = gnu11;
				GCC_DYNAMIC_NO_PIC = NO;
				GCC_NO_COMMON_BLOCKS = YES;
				GCC_OPTIMIZATION_LEVEL = 0;
				GCC_PREPROCESSOR_DEFINITIONS = (
					"DEBUG=1",
					"$(inherited)",
				);
				GCC_WARN_64_TO_32_BIT_CONVERSION = YES;
				GCC_WARN_ABOUT_RETURN_TYPE = YES_ERROR;
				GCC_WARN_UNDECLARED_SELECTOR = YES;
				GCC_WARN_UNINITIALIZED_AUTOS = YES_AGGRESSIVE;
				GCC_WARN_UNUSED_FUNCTION = YES;
				GCC_WARN_UNUSED_VARIABLE = YES;
				IPHONEOS_DEPLOYMENT_TARGET = 16.4;
				MTL_ENABLE_DEBUG_INFO = INCLUDE_SOURCE;
				MTL_FAST_MATH = YES;
				ONLY_ACTIVE_ARCH = YES;
				SDKROOT = iphoneos;
				SWIFT_ACTIVE_COMPILATION_CONDITIONS = DEBUG;
				SWIFT_OPTIMIZATION_LEVEL = "-Onone";
			};
			name = Debug;
		};
		69CB88872A19C5C100560E01 /* Release */ = {
			isa = XCBuildConfiguration;
			buildSettings = {
				ALWAYS_SEARCH_USER_PATHS = NO;
				CLANG_ANALYZER_NONNULL = YES;
				CLANG_ANALYZER_NUMBER_OBJECT_CONVERSION = YES_AGGRESSIVE;
				CLANG_CXX_LANGUAGE_STANDARD = "gnu++20";
				CLANG_ENABLE_MODULES = YES;
				CLANG_ENABLE_OBJC_ARC = YES;
				CLANG_ENABLE_OBJC_WEAK = YES;
				CLANG_WARN_BLOCK_CAPTURE_AUTORELEASING = YES;
				CLANG_WARN_BOOL_CONVERSION = YES;
				CLANG_WARN_COMMA = YES;
				CLANG_WARN_CONSTANT_CONVERSION = YES;
				CLANG_WARN_DEPRECATED_OBJC_IMPLEMENTATIONS = YES;
				CLANG_WARN_DIRECT_OBJC_ISA_USAGE = YES_ERROR;
				CLANG_WARN_DOCUMENTATION_COMMENTS = YES;
				CLANG_WARN_EMPTY_BODY = YES;
				CLANG_WARN_ENUM_CONVERSION = YES;
				CLANG_WARN_INFINITE_RECURSION = YES;
				CLANG_WARN_INT_CONVERSION = YES;
				CLANG_WARN_NON_LITERAL_NULL_CONVERSION = YES;
				CLANG_WARN_OBJC_IMPLICIT_RETAIN_SELF = YES;
				CLANG_WARN_OBJC_LITERAL_CONVERSION = YES;
				CLANG_WARN_OBJC_ROOT_CLASS = YES_ERROR;
				CLANG_WARN_QUOTED_INCLUDE_IN_FRAMEWORK_HEADER = YES;
				CLANG_WARN_RANGE_LOOP_ANALYSIS = YES;
				CLANG_WARN_STRICT_PROTOTYPES = YES;
				CLANG_WARN_SUSPICIOUS_MOVE = YES;
				CLANG_WARN_UNGUARDED_AVAILABILITY = YES_AGGRESSIVE;
				CLANG_WARN_UNREACHABLE_CODE = YES;
				CLANG_WARN__DUPLICATE_METHOD_MATCH = YES;
				COPY_PHASE_STRIP = NO;
				DEBUG_INFORMATION_FORMAT = "dwarf-with-dsym";
				ENABLE_NS_ASSERTIONS = NO;
				ENABLE_STRICT_OBJC_MSGSEND = YES;
				GCC_C_LANGUAGE_STANDARD = gnu11;
				GCC_NO_COMMON_BLOCKS = YES;
				GCC_WARN_64_TO_32_BIT_CONVERSION = YES;
				GCC_WARN_ABOUT_RETURN_TYPE = YES_ERROR;
				GCC_WARN_UNDECLARED_SELECTOR = YES;
				GCC_WARN_UNINITIALIZED_AUTOS = YES_AGGRESSIVE;
				GCC_WARN_UNUSED_FUNCTION = YES;
				GCC_WARN_UNUSED_VARIABLE = YES;
				IPHONEOS_DEPLOYMENT_TARGET = 16.4;
				MTL_ENABLE_DEBUG_INFO = NO;
				MTL_FAST_MATH = YES;
				SDKROOT = iphoneos;
				SWIFT_COMPILATION_MODE = wholemodule;
				SWIFT_OPTIMIZATION_LEVEL = "-O";
				VALIDATE_PRODUCT = YES;
			};
			name = Release;
		};
		69CB88892A19C5C100560E01 /* Debug */ = {
			isa = XCBuildConfiguration;
			buildSettings = {
				ASSETCATALOG_COMPILER_APPICON_NAME = AppIcon;
				ASSETCATALOG_COMPILER_GLOBAL_ACCENT_COLOR_NAME = AccentColor;
				CODE_SIGN_STYLE = Automatic;
				CURRENT_PROJECT_VERSION = 1;
				DEVELOPMENT_TEAM = 6NMWZ48XL4;
				GENERATE_INFOPLIST_FILE = YES;
				INFOPLIST_FILE = "Kadai8-UIkit/Info.plist";
				INFOPLIST_KEY_UIApplicationSupportsIndirectInputEvents = YES;
				INFOPLIST_KEY_UILaunchStoryboardName = LaunchScreen;
				INFOPLIST_KEY_UIMainStoryboardFile = Main;
				INFOPLIST_KEY_UISupportedInterfaceOrientations_iPad = "UIInterfaceOrientationPortrait UIInterfaceOrientationPortraitUpsideDown UIInterfaceOrientationLandscapeLeft UIInterfaceOrientationLandscapeRight";
				INFOPLIST_KEY_UISupportedInterfaceOrientations_iPhone = "UIInterfaceOrientationPortrait UIInterfaceOrientationLandscapeLeft UIInterfaceOrientationLandscapeRight";
				LD_RUNPATH_SEARCH_PATHS = (
					"$(inherited)",
					"@executable_path/Frameworks",
				);
				MARKETING_VERSION = 1.0;
				PRODUCT_BUNDLE_IDENTIFIER = "com.sako.Kadai8-UIkit";
				PRODUCT_NAME = "$(TARGET_NAME)";
				SWIFT_EMIT_LOC_STRINGS = YES;
				SWIFT_VERSION = 5.0;
				TARGETED_DEVICE_FAMILY = "1,2";
			};
			name = Debug;
		};
		69CB888A2A19C5C100560E01 /* Release */ = {
			isa = XCBuildConfiguration;
			buildSettings = {
				ASSETCATALOG_COMPILER_APPICON_NAME = AppIcon;
				ASSETCATALOG_COMPILER_GLOBAL_ACCENT_COLOR_NAME = AccentColor;
				CODE_SIGN_STYLE = Automatic;
				CURRENT_PROJECT_VERSION = 1;
				DEVELOPMENT_TEAM = 6NMWZ48XL4;
				GENERATE_INFOPLIST_FILE = YES;
				INFOPLIST_FILE = "Kadai8-UIkit/Info.plist";
				INFOPLIST_KEY_UIApplicationSupportsIndirectInputEvents = YES;
				INFOPLIST_KEY_UILaunchStoryboardName = LaunchScreen;
				INFOPLIST_KEY_UIMainStoryboardFile = Main;
				INFOPLIST_KEY_UISupportedInterfaceOrientations_iPad = "UIInterfaceOrientationPortrait UIInterfaceOrientationPortraitUpsideDown UIInterfaceOrientationLandscapeLeft UIInterfaceOrientationLandscapeRight";
				INFOPLIST_KEY_UISupportedInterfaceOrientations_iPhone = "UIInterfaceOrientationPortrait UIInterfaceOrientationLandscapeLeft UIInterfaceOrientationLandscapeRight";
				LD_RUNPATH_SEARCH_PATHS = (
					"$(inherited)",
					"@executable_path/Frameworks",
				);
				MARKETING_VERSION = 1.0;
				PRODUCT_BUNDLE_IDENTIFIER = "com.sako.Kadai8-UIkit";
				PRODUCT_NAME = "$(TARGET_NAME)";
				SWIFT_EMIT_LOC_STRINGS = YES;
				SWIFT_VERSION = 5.0;
				TARGETED_DEVICE_FAMILY = "1,2";
			};
			name = Release;
		};
		69CB888C2A19C5C100560E01 /* Debug */ = {
			isa = XCBuildConfiguration;
			buildSettings = {
				ALWAYS_EMBED_SWIFT_STANDARD_LIBRARIES = YES;
				BUNDLE_LOADER = "$(TEST_HOST)";
				CODE_SIGN_STYLE = Automatic;
				CURRENT_PROJECT_VERSION = 1;
				DEVELOPMENT_TEAM = 6NMWZ48XL4;
				GENERATE_INFOPLIST_FILE = YES;
				IPHONEOS_DEPLOYMENT_TARGET = 16.4;
				MARKETING_VERSION = 1.0;
				PRODUCT_BUNDLE_IDENTIFIER = "com.sako.Kadai8-UIkitTests";
				PRODUCT_NAME = "$(TARGET_NAME)";
				SWIFT_EMIT_LOC_STRINGS = NO;
				SWIFT_VERSION = 5.0;
				TARGETED_DEVICE_FAMILY = "1,2";
				TEST_HOST = "$(BUILT_PRODUCTS_DIR)/Kadai8-UIkit.app/$(BUNDLE_EXECUTABLE_FOLDER_PATH)/Kadai8-UIkit";
			};
			name = Debug;
		};
		69CB888D2A19C5C100560E01 /* Release */ = {
			isa = XCBuildConfiguration;
			buildSettings = {
				ALWAYS_EMBED_SWIFT_STANDARD_LIBRARIES = YES;
				BUNDLE_LOADER = "$(TEST_HOST)";
				CODE_SIGN_STYLE = Automatic;
				CURRENT_PROJECT_VERSION = 1;
				DEVELOPMENT_TEAM = 6NMWZ48XL4;
				GENERATE_INFOPLIST_FILE = YES;
				IPHONEOS_DEPLOYMENT_TARGET = 16.4;
				MARKETING_VERSION = 1.0;
				PRODUCT_BUNDLE_IDENTIFIER = "com.sako.Kadai8-UIkitTests";
				PRODUCT_NAME = "$(TARGET_NAME)";
				SWIFT_EMIT_LOC_STRINGS = NO;
				SWIFT_VERSION = 5.0;
				TARGETED_DEVICE_FAMILY = "1,2";
				TEST_HOST = "$(BUILT_PRODUCTS_DIR)/Kadai8-UIkit.app/$(BUNDLE_EXECUTABLE_FOLDER_PATH)/Kadai8-UIkit";
			};
			name = Release;
		};
		69CB888F2A19C5C100560E01 /* Debug */ = {
			isa = XCBuildConfiguration;
			buildSettings = {
				ALWAYS_EMBED_SWIFT_STANDARD_LIBRARIES = YES;
				CODE_SIGN_STYLE = Automatic;
				CURRENT_PROJECT_VERSION = 1;
				DEVELOPMENT_TEAM = 6NMWZ48XL4;
				GENERATE_INFOPLIST_FILE = YES;
				MARKETING_VERSION = 1.0;
				PRODUCT_BUNDLE_IDENTIFIER = "com.sako.Kadai8-UIkitUITests";
				PRODUCT_NAME = "$(TARGET_NAME)";
				SWIFT_EMIT_LOC_STRINGS = NO;
				SWIFT_VERSION = 5.0;
				TARGETED_DEVICE_FAMILY = "1,2";
				TEST_TARGET_NAME = "Kadai8-UIkit";
			};
			name = Debug;
		};
		69CB88902A19C5C100560E01 /* Release */ = {
			isa = XCBuildConfiguration;
			buildSettings = {
				ALWAYS_EMBED_SWIFT_STANDARD_LIBRARIES = YES;
				CODE_SIGN_STYLE = Automatic;
				CURRENT_PROJECT_VERSION = 1;
				DEVELOPMENT_TEAM = 6NMWZ48XL4;
				GENERATE_INFOPLIST_FILE = YES;
				MARKETING_VERSION = 1.0;
				PRODUCT_BUNDLE_IDENTIFIER = "com.sako.Kadai8-UIkitUITests";
				PRODUCT_NAME = "$(TARGET_NAME)";
				SWIFT_EMIT_LOC_STRINGS = NO;
				SWIFT_VERSION = 5.0;
				TARGETED_DEVICE_FAMILY = "1,2";
				TEST_TARGET_NAME = "Kadai8-UIkit";
			};
			name = Release;
		};
/* End XCBuildConfiguration section */

/* Begin XCConfigurationList section */
		69CB88592A19C5C100560E01 /* Build configuration list for PBXProject "Kadai8-UIkit" */ = {
			isa = XCConfigurationList;
			buildConfigurations = (
				69CB88862A19C5C100560E01 /* Debug */,
				69CB88872A19C5C100560E01 /* Release */,
			);
			defaultConfigurationIsVisible = 0;
			defaultConfigurationName = Release;
		};
		69CB88882A19C5C100560E01 /* Build configuration list for PBXNativeTarget "Kadai8-UIkit" */ = {
			isa = XCConfigurationList;
			buildConfigurations = (
				69CB88892A19C5C100560E01 /* Debug */,
				69CB888A2A19C5C100560E01 /* Release */,
			);
			defaultConfigurationIsVisible = 0;
			defaultConfigurationName = Release;
		};
		69CB888B2A19C5C100560E01 /* Build configuration list for PBXNativeTarget "Kadai8-UIkitTests" */ = {
			isa = XCConfigurationList;
			buildConfigurations = (
				69CB888C2A19C5C100560E01 /* Debug */,
				69CB888D2A19C5C100560E01 /* Release */,
			);
			defaultConfigurationIsVisible = 0;
			defaultConfigurationName = Release;
		};
		69CB888E2A19C5C100560E01 /* Build configuration list for PBXNativeTarget "Kadai8-UIkitUITests" */ = {
			isa = XCConfigurationList;
			buildConfigurations = (
				69CB888F2A19C5C100560E01 /* Debug */,
				69CB88902A19C5C100560E01 /* Release */,
			);
			defaultConfigurationIsVisible = 0;
			defaultConfigurationName = Release;
		};
/* End XCConfigurationList section */
	};
	rootObject = 69CB88562A19C5C100560E01 /* Project object */;
}
